// !$*UTF8*$!
{
	archiveVersion = 1;
	classes = {
	};
	objectVersion = 55;
	objects = {

/* Begin PBXBuildFile section */
		DC0BAAB728007A4F0087FA2A /* AppDelegate.swift in Sources */ = {isa = PBXBuildFile; fileRef = DC0BAAB628007A4F0087FA2A /* AppDelegate.swift */; };
		DC0BAAB928007A4F0087FA2A /* SceneDelegate.swift in Sources */ = {isa = PBXBuildFile; fileRef = DC0BAAB828007A4F0087FA2A /* SceneDelegate.swift */; };
		DC0BAABE28007A4F0087FA2A /* Main.storyboard in Resources */ = {isa = PBXBuildFile; fileRef = DC0BAABC28007A4F0087FA2A /* Main.storyboard */; };
		DC0BAAC028007A500087FA2A /* Assets.xcassets in Resources */ = {isa = PBXBuildFile; fileRef = DC0BAABF28007A500087FA2A /* Assets.xcassets */; };
		DC0BAAC328007A500087FA2A /* LaunchScreen.storyboard in Resources */ = {isa = PBXBuildFile; fileRef = DC0BAAC128007A500087FA2A /* LaunchScreen.storyboard */; };
		DC1235ED28008DB1006C9001 /* WeatherListTableViewController.swift in Sources */ = {isa = PBXBuildFile; fileRef = DC1235EC28008DB1006C9001 /* WeatherListTableViewController.swift */; };
		DC1235EF2800911A006C9001 /* AddWeatherCityViewController.swift in Sources */ = {isa = PBXBuildFile; fileRef = DC1235EE2800911A006C9001 /* AddWeatherCityViewController.swift */; };
		DC1235F2280092E4006C9001 /* WeatherCell.swift in Sources */ = {isa = PBXBuildFile; fileRef = DC1235F1280092E4006C9001 /* WeatherCell.swift */; };
/* End PBXBuildFile section */

/* Begin PBXFileReference section */
		DC0BAAB328007A4F0087FA2A /* Good Weather.app */ = {isa = PBXFileReference; explicitFileType = wrapper.application; includeInIndex = 0; path = "Good Weather.app"; sourceTree = BUILT_PRODUCTS_DIR; };
		DC0BAAB628007A4F0087FA2A /* AppDelegate.swift */ = {isa = PBXFileReference; lastKnownFileType = sourcecode.swift; path = AppDelegate.swift; sourceTree = "<group>"; };
		DC0BAAB828007A4F0087FA2A /* SceneDelegate.swift */ = {isa = PBXFileReference; lastKnownFileType = sourcecode.swift; path = SceneDelegate.swift; sourceTree = "<group>"; };
		DC0BAABD28007A4F0087FA2A /* Base */ = {isa = PBXFileReference; lastKnownFileType = file.storyboard; name = Base; path = Base.lproj/Main.storyboard; sourceTree = "<group>"; };
		DC0BAABF28007A500087FA2A /* Assets.xcassets */ = {isa = PBXFileReference; lastKnownFileType = folder.assetcatalog; path = Assets.xcassets; sourceTree = "<group>"; };
		DC0BAAC228007A500087FA2A /* Base */ = {isa = PBXFileReference; lastKnownFileType = file.storyboard; name = Base; path = Base.lproj/LaunchScreen.storyboard; sourceTree = "<group>"; };
		DC0BAAC428007A500087FA2A /* Info.plist */ = {isa = PBXFileReference; lastKnownFileType = text.plist.xml; path = Info.plist; sourceTree = "<group>"; };
		DC1235EC28008DB1006C9001 /* WeatherListTableViewController.swift */ = {isa = PBXFileReference; lastKnownFileType = sourcecode.swift; path = WeatherListTableViewController.swift; sourceTree = "<group>"; };
		DC1235EE2800911A006C9001 /* AddWeatherCityViewController.swift */ = {isa = PBXFileReference; lastKnownFileType = sourcecode.swift; path = AddWeatherCityViewController.swift; sourceTree = "<group>"; };
		DC1235F1280092E4006C9001 /* WeatherCell.swift */ = {isa = PBXFileReference; lastKnownFileType = sourcecode.swift; path = WeatherCell.swift; sourceTree = "<group>"; };
/* End PBXFileReference section */

/* Begin PBXFrameworksBuildPhase section */
		DC0BAAB028007A4F0087FA2A /* Frameworks */ = {
			isa = PBXFrameworksBuildPhase;
			buildActionMask = 2147483647;
			files = (
			);
			runOnlyForDeploymentPostprocessing = 0;
		};
/* End PBXFrameworksBuildPhase section */

/* Begin PBXGroup section */
		DC0BAAAA28007A4F0087FA2A = {
			isa = PBXGroup;
			children = (
				DC0BAAB528007A4F0087FA2A /* Good Weather */,
				DC0BAAB428007A4F0087FA2A /* Products */,
			);
			sourceTree = "<group>";
		};
		DC0BAAB428007A4F0087FA2A /* Products */ = {
			isa = PBXGroup;
			children = (
				DC0BAAB328007A4F0087FA2A /* Good Weather.app */,
			);
			name = Products;
			sourceTree = "<group>";
		};
		DC0BAAB528007A4F0087FA2A /* Good Weather */ = {
			isa = PBXGroup;
			children = (
				DC1235F0280092CA006C9001 /* Custom Cells */,
				DC1235EB28008D96006C9001 /* Controllers */,
				DC0BAAB628007A4F0087FA2A /* AppDelegate.swift */,
				DC0BAAB828007A4F0087FA2A /* SceneDelegate.swift */,
				DC0BAABC28007A4F0087FA2A /* Main.storyboard */,
				DC0BAABF28007A500087FA2A /* Assets.xcassets */,
				DC0BAAC128007A500087FA2A /* LaunchScreen.storyboard */,
				DC0BAAC428007A500087FA2A /* Info.plist */,
			);
			path = "Good Weather";
			sourceTree = "<group>";
		};
		DC1235EB28008D96006C9001 /* Controllers */ = {
			isa = PBXGroup;
			children = (
				DC1235EC28008DB1006C9001 /* WeatherListTableViewController.swift */,
				DC1235EE2800911A006C9001 /* AddWeatherCityViewController.swift */,
			);
			path = Controllers;
			sourceTree = "<group>";
		};
		DC1235F0280092CA006C9001 /* Custom Cells */ = {
			isa = PBXGroup;
			children = (
				DC1235F1280092E4006C9001 /* WeatherCell.swift */,
			);
			path = "Custom Cells";
			sourceTree = "<group>";
		};
/* End PBXGroup section */

/* Begin PBXNativeTarget section */
		DC0BAAB228007A4F0087FA2A /* Good Weather */ = {
			isa = PBXNativeTarget;
			buildConfigurationList = DC0BAAC728007A500087FA2A /* Build configuration list for PBXNativeTarget "Good Weather" */;
			buildPhases = (
				DC0BAAAF28007A4F0087FA2A /* Sources */,
				DC0BAAB028007A4F0087FA2A /* Frameworks */,
				DC0BAAB128007A4F0087FA2A /* Resources */,
			);
			buildRules = (
			);
			dependencies = (
			);
			name = "Good Weather";
			productName = "Good Weather";
			productReference = DC0BAAB328007A4F0087FA2A /* Good Weather.app */;
			productType = "com.apple.product-type.application";
		};
/* End PBXNativeTarget section */

/* Begin PBXProject section */
		DC0BAAAB28007A4F0087FA2A /* Project object */ = {
			isa = PBXProject;
			attributes = {
				BuildIndependentTargetsInParallel = 1;
				LastSwiftUpdateCheck = 1330;
				LastUpgradeCheck = 1330;
				TargetAttributes = {
					DC0BAAB228007A4F0087FA2A = {
						CreatedOnToolsVersion = 13.3;
					};
				};
			};
			buildConfigurationList = DC0BAAAE28007A4F0087FA2A /* Build configuration list for PBXProject "Good Weather" */;
			compatibilityVersion = "Xcode 13.0";
			developmentRegion = en;
			hasScannedForEncodings = 0;
			knownRegions = (
				en,
				Base,
			);
			mainGroup = DC0BAAAA28007A4F0087FA2A;
			productRefGroup = DC0BAAB428007A4F0087FA2A /* Products */;
			projectDirPath = "";
			projectRoot = "";
			targets = (
				DC0BAAB228007A4F0087FA2A /* Good Weather */,
			);
		};
/* End PBXProject section */

/* Begin PBXResourcesBuildPhase section */
		DC0BAAB128007A4F0087FA2A /* Resources */ = {
			isa = PBXResourcesBuildPhase;
			buildActionMask = 2147483647;
			files = (
				DC0BAAC328007A500087FA2A /* LaunchScreen.storyboard in Resources */,
				DC0BAAC028007A500087FA2A /* Assets.xcassets in Resources */,
				DC0BAABE28007A4F0087FA2A /* Main.storyboard in Resources */,
			);
			runOnlyForDeploymentPostprocessing = 0;
		};
/* End PBXResourcesBuildPhase section */

/* Begin PBXSourcesBuildPhase section */
		DC0BAAAF28007A4F0087FA2A /* Sources */ = {
			isa = PBXSourcesBuildPhase;
			buildActionMask = 2147483647;
			files = (
				DC1235ED28008DB1006C9001 /* WeatherListTableViewController.swift in Sources */,
				DC0BAAB728007A4F0087FA2A /* AppDelegate.swift in Sources */,
				DC1235F2280092E4006C9001 /* WeatherCell.swift in Sources */,
				DC1235EF2800911A006C9001 /* AddWeatherCityViewController.swift in Sources */,
				DC0BAAB928007A4F0087FA2A /* SceneDelegate.swift in Sources */,
			);
			runOnlyForDeploymentPostprocessing = 0;
		};
/* End PBXSourcesBuildPhase section */

/* Begin PBXVariantGroup section */
		DC0BAABC28007A4F0087FA2A /* Main.storyboard */ = {
			isa = PBXVariantGroup;
			children = (
				DC0BAABD28007A4F0087FA2A /* Base */,
			);
			name = Main.storyboard;
			sourceTree = "<group>";
		};
		DC0BAAC128007A500087FA2A /* LaunchScreen.storyboard */ = {
			isa = PBXVariantGroup;
			children = (
				DC0BAAC228007A500087FA2A /* Base */,
			);
			name = LaunchScreen.storyboard;
			sourceTree = "<group>";
		};
/* End PBXVariantGroup section */

/* Begin XCBuildConfiguration section */
		DC0BAAC528007A500087FA2A /* Debug */ = {
			isa = XCBuildConfiguration;
			buildSettings = {
				ALWAYS_SEARCH_USER_PATHS = NO;
				CLANG_ANALYZER_NONNULL = YES;
				CLANG_ANALYZER_NUMBER_OBJECT_CONVERSION = YES_AGGRESSIVE;
				CLANG_CXX_LANGUAGE_STANDARD = "gnu++17";
				CLANG_ENABLE_MODULES = YES;
				CLANG_ENABLE_OBJC_ARC = YES;
				CLANG_ENABLE_OBJC_WEAK = YES;
				CLANG_WARN_BLOCK_CAPTURE_AUTORELEASING = YES;
				CLANG_WARN_BOOL_CONVERSION = YES;
				CLANG_WARN_COMMA = YES;
				CLANG_WARN_CONSTANT_CONVERSION = YES;
				CLANG_WARN_DEPRECATED_OBJC_IMPLEMENTATIONS = YES;
				CLANG_WARN_DIRECT_OBJC_ISA_USAGE = YES_ERROR;
				CLANG_WARN_DOCUMENTATION_COMMENTS = YES;
				CLANG_WARN_EMPTY_BODY = YES;
				CLANG_WARN_ENUM_CONVERSION = YES;
				CLANG_WARN_INFINITE_RECURSION = YES;
				CLANG_WARN_INT_CONVERSION = YES;
				CLANG_WARN_NON_LITERAL_NULL_CONVERSION = YES;
				CLANG_WARN_OBJC_IMPLICIT_RETAIN_SELF = YES;
				CLANG_WARN_OBJC_LITERAL_CONVERSION = YES;
				CLANG_WARN_OBJC_ROOT_CLASS = YES_ERROR;
				CLANG_WARN_QUOTED_INCLUDE_IN_FRAMEWORK_HEADER = YES;
				CLANG_WARN_RANGE_LOOP_ANALYSIS = YES;
				CLANG_WARN_STRICT_PROTOTYPES = YES;
				CLANG_WARN_SUSPICIOUS_MOVE = YES;
				CLANG_WARN_UNGUARDED_AVAILABILITY = YES_AGGRESSIVE;
				CLANG_WARN_UNREACHABLE_CODE = YES;
				CLANG_WARN__DUPLICATE_METHOD_MATCH = YES;
				COPY_PHASE_STRIP = NO;
				DEBUG_INFORMATION_FORMAT = dwarf;
				ENABLE_STRICT_OBJC_MSGSEND = YES;
				ENABLE_TESTABILITY = YES;
				GCC_C_LANGUAGE_STANDARD = gnu11;
				GCC_DYNAMIC_NO_PIC = NO;
				GCC_NO_COMMON_BLOCKS = YES;
				GCC_OPTIMIZATION_LEVEL = 0;
				GCC_PREPROCESSOR_DEFINITIONS = (
					"DEBUG=1",
					"$(inherited)",
				);
				GCC_WARN_64_TO_32_BIT_CONVERSION = YES;
				GCC_WARN_ABOUT_RETURN_TYPE = YES_ERROR;
				GCC_WARN_UNDECLARED_SELECTOR = YES;
				GCC_WARN_UNINITIALIZED_AUTOS = YES_AGGRESSIVE;
				GCC_WARN_UNUSED_FUNCTION = YES;
				GCC_WARN_UNUSED_VARIABLE = YES;
				IPHONEOS_DEPLOYMENT_TARGET = 15.4;
				MTL_ENABLE_DEBUG_INFO = INCLUDE_SOURCE;
				MTL_FAST_MATH = YES;
				ONLY_ACTIVE_ARCH = YES;
				SDKROOT = iphoneos;
				SWIFT_ACTIVE_COMPILATION_CONDITIONS = DEBUG;
				SWIFT_OPTIMIZATION_LEVEL = "-Onone";
			};
			name = Debug;
		};
		DC0BAAC628007A500087FA2A /* Release */ = {
			isa = XCBuildConfiguration;
			buildSettings = {
				ALWAYS_SEARCH_USER_PATHS = NO;
				CLANG_ANALYZER_NONNULL = YES;
				CLANG_ANALYZER_NUMBER_OBJECT_CONVERSION = YES_AGGRESSIVE;
				CLANG_CXX_LANGUAGE_STANDARD = "gnu++17";
				CLANG_ENABLE_MODULES = YES;
				CLANG_ENABLE_OBJC_ARC = YES;
				CLANG_ENABLE_OBJC_WEAK = YES;
				CLANG_WARN_BLOCK_CAPTURE_AUTORELEASING = YES;
				CLANG_WARN_BOOL_CONVERSION = YES;
				CLANG_WARN_COMMA = YES;
				CLANG_WARN_CONSTANT_CONVERSION = YES;
				CLANG_WARN_DEPRECATED_OBJC_IMPLEMENTATIONS = YES;
				CLANG_WARN_DIRECT_OBJC_ISA_USAGE = YES_ERROR;
				CLANG_WARN_DOCUMENTATION_COMMENTS = YES;
				CLANG_WARN_EMPTY_BODY = YES;
				CLANG_WARN_ENUM_CONVERSION = YES;
				CLANG_WARN_INFINITE_RECURSION = YES;
				CLANG_WARN_INT_CONVERSION = YES;
				CLANG_WARN_NON_LITERAL_NULL_CONVERSION = YES;
				CLANG_WARN_OBJC_IMPLICIT_RETAIN_SELF = YES;
				CLANG_WARN_OBJC_LITERAL_CONVERSION = YES;
				CLANG_WARN_OBJC_ROOT_CLASS = YES_ERROR;
				CLANG_WARN_QUOTED_INCLUDE_IN_FRAMEWORK_HEADER = YES;
				CLANG_WARN_RANGE_LOOP_ANALYSIS = YES;
				CLANG_WARN_STRICT_PROTOTYPES = YES;
				CLANG_WARN_SUSPICIOUS_MOVE = YES;
				CLANG_WARN_UNGUARDED_AVAILABILITY = YES_AGGRESSIVE;
				CLANG_WARN_UNREACHABLE_CODE = YES;
				CLANG_WARN__DUPLICATE_METHOD_MATCH = YES;
				COPY_PHASE_STRIP = NO;
				DEBUG_INFORMATION_FORMAT = "dwarf-with-dsym";
				ENABLE_NS_ASSERTIONS = NO;
				ENABLE_STRICT_OBJC_MSGSEND = YES;
				GCC_C_LANGUAGE_STANDARD = gnu11;
				GCC_NO_COMMON_BLOCKS = YES;
				GCC_WARN_64_TO_32_BIT_CONVERSION = YES;
				GCC_WARN_ABOUT_RETURN_TYPE = YES_ERROR;
				GCC_WARN_UNDECLARED_SELECTOR = YES;
				GCC_WARN_UNINITIALIZED_AUTOS = YES_AGGRESSIVE;
				GCC_WARN_UNUSED_FUNCTION = YES;
				GCC_WARN_UNUSED_VARIABLE = YES;
				IPHONEOS_DEPLOYMENT_TARGET = 15.4;
				MTL_ENABLE_DEBUG_INFO = NO;
				MTL_FAST_MATH = YES;
				SDKROOT = iphoneos;
				SWIFT_COMPILATION_MODE = wholemodule;
				SWIFT_OPTIMIZATION_LEVEL = "-O";
				VALIDATE_PRODUCT = YES;
			};
			name = Release;
		};
		DC0BAAC828007A500087FA2A /* Debug */ = {
			isa = XCBuildConfiguration;
			buildSettings = {
				ASSETCATALOG_COMPILER_APPICON_NAME = AppIcon;
				ASSETCATALOG_COMPILER_GLOBAL_ACCENT_COLOR_NAME = AccentColor;
				CODE_SIGN_STYLE = Automatic;
				CURRENT_PROJECT_VERSION = 1;
				DEVELOPMENT_TEAM = 9786TSAYF2;
				GENERATE_INFOPLIST_FILE = YES;
				INFOPLIST_FILE = "Good Weather/Info.plist";
				INFOPLIST_KEY_UIApplicationSupportsIndirectInputEvents = YES;
				INFOPLIST_KEY_UILaunchStoryboardName = LaunchScreen;
				INFOPLIST_KEY_UIMainStoryboardFile = Main;
				INFOPLIST_KEY_UISupportedInterfaceOrientations_iPad = "UIInterfaceOrientationPortrait UIInterfaceOrientationPortraitUpsideDown UIInterfaceOrientationLandscapeLeft UIInterfaceOrientationLandscapeRight";
				INFOPLIST_KEY_UISupportedInterfaceOrientations_iPhone = "UIInterfaceOrientationPortrait UIInterfaceOrientationLandscapeLeft UIInterfaceOrientationLandscapeRight";
				IPHONEOS_DEPLOYMENT_TARGET = 15.0;
				LD_RUNPATH_SEARCH_PATHS = (
					"$(inherited)",
					"@executable_path/Frameworks",
				);
				MARKETING_VERSION = 1.0;
				PRODUCT_BUNDLE_IDENTIFIER = "Kamonpan.iOS14-InstagramFirestore.Good-Weather";
				PRODUCT_NAME = "$(TARGET_NAME)";
				SWIFT_EMIT_LOC_STRINGS = YES;
				SWIFT_VERSION = 5.0;
				TARGETED_DEVICE_FAMILY = "1,2";
			};
			name = Debug;
		};
		DC0BAAC928007A500087FA2A /* Release */ = {
			isa = XCBuildConfiguration;
			buildSettings = {
				ASSETCATALOG_COMPILER_APPICON_NAME = AppIcon;
				ASSETCATALOG_COMPILER_GLOBAL_ACCENT_COLOR_NAME = AccentColor;
				CODE_SIGN_STYLE = Automatic;
				CURRENT_PROJECT_VERSION = 1;
				DEVELOPMENT_TEAM = 9786TSAYF2;
				GENERATE_INFOPLIST_FILE = YES;
				INFOPLIST_FILE = "Good Weather/Info.plist";
				INFOPLIST_KEY_UIApplicationSupportsIndirectInputEvents = YES;
				INFOPLIST_KEY_UILaunchStoryboardName = LaunchScreen;
				INFOPLIST_KEY_UIMainStoryboardFile = Main;
				INFOPLIST_KEY_UISupportedInterfaceOrientations_iPad = "UIInterfaceOrientationPortrait UIInterfaceOrientationPortraitUpsideDown UIInterfaceOrientationLandscapeLeft UIInterfaceOrientationLandscapeRight";
				INFOPLIST_KEY_UISupportedInterfaceOrientations_iPhone = "UIInterfaceOrientationPortrait UIInterfaceOrientationLandscapeLeft UIInterfaceOrientationLandscapeRight";
				IPHONEOS_DEPLOYMENT_TARGET = 15.0;
				LD_RUNPATH_SEARCH_PATHS = (
					"$(inherited)",
					"@executable_path/Frameworks",
				);
				MARKETING_VERSION = 1.0;
				PRODUCT_BUNDLE_IDENTIFIER = "Kamonpan.iOS14-InstagramFirestore.Good-Weather";
				PRODUCT_NAME = "$(TARGET_NAME)";
				SWIFT_EMIT_LOC_STRINGS = YES;
				SWIFT_VERSION = 5.0;
				TARGETED_DEVICE_FAMILY = "1,2";
			};
			name = Release;
		};
/* End XCBuildConfiguration section */

/* Begin XCConfigurationList section */
		DC0BAAAE28007A4F0087FA2A /* Build configuration list for PBXProject "Good Weather" */ = {
			isa = XCConfigurationList;
			buildConfigurations = (
				DC0BAAC528007A500087FA2A /* Debug */,
				DC0BAAC628007A500087FA2A /* Release */,
			);
			defaultConfigurationIsVisible = 0;
			defaultConfigurationName = Release;
		};
		DC0BAAC728007A500087FA2A /* Build configuration list for PBXNativeTarget "Good Weather" */ = {
			isa = XCConfigurationList;
			buildConfigurations = (
				DC0BAAC828007A500087FA2A /* Debug */,
				DC0BAAC928007A500087FA2A /* Release */,
			);
			defaultConfigurationIsVisible = 0;
			defaultConfigurationName = Release;
		};
/* End XCConfigurationList section */
	};
	rootObject = DC0BAAAB28007A4F0087FA2A /* Project object */;
}
